{
    "_meta": {
        "hash": {
            "sha256": "ca53d7da3436f36ce9d380b5d3e7088374e69b9878d3644f608e87a40dc8f2c8"
        },
        "pipfile-spec": 6,
        "requires": {
            "python_version": "3.9"
        },
        "sources": [
            {
                "name": "pypi",
                "url": "https://pypi.org/simple",
                "verify_ssl": true
            }
        ]
    },
    "default": {
        "asgiref": {
            "hashes": [
                "sha256:4ef1ab46b484e3c706329cedeff284a5d40824200638503f5768edb6de7d58e9",
                "sha256:ffc141aa908e6f175673e7b1b3b7af4fdb0ecb738fc5c8b88f69f055c2415214"
            ],
            "markers": "python_version >= '3.6'",
            "version": "==3.4.1"
        },
        "certifi": {
            "hashes": [
                "sha256:78884e7c1d4b00ce3cea67b44566851c4343c120abd683433ce934a68ea58872",
                "sha256:d62a0163eb4c2344ac042ab2bdf75399a71a2d8c7d47eac2e2ee91b9d6339569"
            ],
            "version": "==2021.10.8"
        },
        "charset-normalizer": {
            "hashes": [
                "sha256:1eecaa09422db5be9e29d7fc65664e6c33bd06f9ced7838578ba40d58bdf3721",
                "sha256:b0b883e8e874edfdece9c28f314e3dd5badf067342e42fb162203335ae61aa2c"
            ],
            "markers": "python_version >= '3'",
            "version": "==2.0.9"
        },
        "django": {
            "hashes": [
                "sha256:59304646ebc6a77b9b6a59adc67d51ecb03c5e3d63ed1f14c909cdfda84e8010",
                "sha256:d5a8a14da819a8b9237ee4d8c78dfe056ff6e8a7511987be627192225113ee75"
            ],
            "index": "pypi",
            "version": "==4.0"
        },
        "djangorestframework": {
            "hashes": [
                "sha256:0c33407ce23acc68eca2a6e46424b008c9c02eceb8cf18581921d0092bc1f2ee",
                "sha256:24c4bf58ed7e85d1fe4ba250ab2da926d263cd57d64b03e8dcef0ac683f8b1aa"
            ],
            "index": "pypi",
            "version": "==3.13.1"
        },
        "idna": {
            "hashes": [
                "sha256:84d9dd047ffa80596e0f246e2eab0b391788b0503584e8945f2368256d2735ff",
                "sha256:9d643ff0a55b762d5cdb124b8eaa99c66322e2157b69160bc32796e824360e6d"
            ],
            "markers": "python_version >= '3'",
            "version": "==3.3"
        },
        "psycopg2": {
            "hashes": [
                "sha256:06f32425949bd5fe8f625c49f17ebb9784e1e4fe928b7cce72edc36fb68e4c0c",
                "sha256:0762c27d018edbcb2d34d51596e4346c983bd27c330218c56c4dc25ef7e819bf",
                "sha256:083707a696e5e1c330af2508d8fab36f9700b26621ccbcb538abe22e15485362",
                "sha256:34b33e0162cfcaad151f249c2649fd1030010c16f4bbc40a604c1cb77173dcf7",
                "sha256:4295093a6ae3434d33ec6baab4ca5512a5082cc43c0505293087b8a46d108461",
                "sha256:8cf3878353cc04b053822896bc4922b194792df9df2f1ad8da01fb3043602126",
                "sha256:8e841d1bf3434da985cc5ef13e6f75c8981ced601fd70cc6bf33351b91562981",
                "sha256:9572e08b50aed176ef6d66f15a21d823bb6f6d23152d35e8451d7d2d18fdac56",
                "sha256:a81e3866f99382dfe8c15a151f1ca5fde5815fde879348fe5a9884a7c092a305",
                "sha256:cb10d44e6694d763fa1078a26f7f6137d69f555a78ec85dc2ef716c37447e4b2",
                "sha256:d3ca6421b942f60c008f81a3541e8faf6865a28d5a9b48544b0ee4f40cac7fca"
            ],
            "index": "pypi",
            "version": "==2.9.3"
        },
        "python-decouple": {
            "hashes": [
                "sha256:011d3f785367c54a72cf8a07d3a7a48bb8cc1a0f8e6c70353ca5767ebf7c8c9d",
                "sha256:68e4b3fcc97e24bc90eecc514852d0bf970f4ff031f5f7a6728ddafa9afefcaf"
            ],
            "index": "pypi",
            "version": "==3.5"
        },
        "pytz": {
            "hashes": [
                "sha256:3672058bc3453457b622aab7a1c3bfd5ab0bdae451512f6cf25f64ed37f5b87c",
                "sha256:acad2d8b20a1af07d4e4c9d2e9285c5ed9104354062f275f3fcd88dcef4f1326"
            ],
            "version": "==2021.3"
        },
        "quidax-python": {
            "hashes": [
                "sha256:81381b77de301032f822ee3dc4ed929c1cc9792c1800a44cff4ee5a06e8ff036"
            ],
            "index": "pypi",
            "version": "==1.2"
        },
        "requests": {
            "hashes": [
                "sha256:8e5643905bf20a308e25e4c1dd379117c09000bf8a82ebccc462cfb1b34a16b5",
                "sha256:f71a09d7feba4a6b64ffd8e9d9bc60f9bf7d7e19fd0e04362acb1cfc2e3d98df"
            ],
            "markers": "python_version >= '2.7' and python_version not in '3.0, 3.1, 3.2, 3.3, 3.4, 3.5'",
            "version": "==2.27.0"
        },
        "sqlparse": {
            "hashes": [
                "sha256:0c00730c74263a94e5a9919ade150dfc3b19c574389985446148402998287dae",
                "sha256:48719e356bb8b42991bdbb1e8b83223757b93789c00910a616a071910ca4a64d"
            ],
            "markers": "python_version >= '3.5'",
            "version": "==0.4.2"
        },
        "urllib3": {
            "hashes": [
                "sha256:4987c65554f7a2dbf30c18fd48778ef124af6fab771a377103da0585e2336ece",
                "sha256:c4fdf4019605b6e5423637e01bc9fe4daef873709a7973e195ceba0a62bbc844"
            ],
            "markers": "python_version >= '2.7' and python_version not in '3.0, 3.1, 3.2, 3.3, 3.4' and python_version < '4'",
            "version": "==1.26.7"
        }
    },
    "develop": {
        "black": {
            "hashes": [
                "sha256:77b80f693a569e2e527958459634f18df9b0ba2625ba4e0c2d5da5be42e6f2b3",
                "sha256:a615e69ae185e08fdd73e4715e260e2479c861b5740057fde6e8b4e3b7dd589f"
            ],
            "index": "pypi",
            "version": "==21.12b0"
        },
        "click": {
            "hashes": [
                "sha256:353f466495adaeb40b6b5f592f9f91cb22372351c84caeb068132442a4518ef3",
                "sha256:410e932b050f5eed773c4cda94de75971c89cdb3155a72a0831139a79e5ecb5b"
            ],
            "markers": "python_version >= '3.6'",
            "version": "==8.0.3"
        },
        "mypy-extensions": {
            "hashes": [
                "sha256:090fedd75945a69ae91ce1303b5824f428daf5a028d2f6ab8a299250a846f15d",
                "sha256:2d82818f5bb3e369420cb3c4060a7970edba416647068eb4c5343488a6c604a8"
            ],
            "version": "==0.4.3"
        },
        "pathspec": {
            "hashes": [
                "sha256:7d15c4ddb0b5c802d161efc417ec1a2558ea2653c2e8ad9c19098201dc1c993a",
                "sha256:e564499435a2673d586f6b2130bb5b95f04a3ba06f81b8f895b651a3c76aabb1"
            ],
            "version": "==0.9.0"
        },
        "platformdirs": {
            "hashes": [
                "sha256:1d7385c7db91728b83efd0ca99a5afb296cab9d0ed8313a45ed8ba17967ecfca",
                "sha256:440633ddfebcc36264232365d7840a970e75e1018d15b4327d11f91909045fda"
            ],
            "markers": "python_version >= '3.7'",
            "version": "==2.4.1"
        },
        "tomli": {
            "hashes": [
                "sha256:05b6166bff487dc068d322585c7ea4ef78deed501cc124060e0f238e89a9231f",
                "sha256:e3069e4be3ead9668e21cb9b074cd948f7b3113fd9c8bba083f48247aab8b11c"
            ],
            "markers": "python_version >= '3.6'",
            "version": "==1.2.3"
        },
        "typing-extensions": {
            "hashes": [
                "sha256:4ca091dea149f945ec56afb48dae714f21e8692ef22a395223bcd328961b6a0e",
                "sha256:7f001e5ac290a0c0401508864c7ec868be4e701886d5b573a9528ed3973d9d3b"
            ],
            "markers": "python_version >= '3.6'",
            "version": "==4.0.1"
        }
    }
}
